
Microsoft Visual Studio Solution File, Format Version 12.00
# Visual Studio Version 17
VisualStudioVersion = 17.4.33122.133
MinimumVisualStudioVersion = 10.0.40219.1
Project("{FAE04EC0-301F-11D3-BF4B-00C04F79EFBC}") = "Example010_MethodArray", "Example010_MethodArray\Example010_MethodArray.csproj", "{46ECF29A-BEFA-4B6C-AF88-544D0DF25735}"
EndProject
Global
	GlobalSection(SolutionConfigurationPlatforms) = preSolution
		Debug|Any CPU = Debug|Any CPU
		Release|Any CPU = Release|Any CPU
	EndGlobalSection
	GlobalSection(ProjectConfigurationPlatforms) = postSolution
		{46ECF29A-BEFA-4B6C-AF88-544D0DF25735}.Debug|Any CPU.ActiveCfg = Debug|Any CPU
		{46ECF29A-BEFA-4B6C-AF88-544D0DF25735}.Debug|Any CPU.Build.0 = Debug|Any CPU
		{46ECF29A-BEFA-4B6C-AF88-544D0DF25735}.Release|Any CPU.ActiveCfg = Release|Any CPU
		{46ECF29A-BEFA-4B6C-AF88-544D0DF25735}.Release|Any CPU.Build.0 = Release|Any CPU
	EndGlobalSection
	GlobalSection(SolutionProperties) = preSolution
		HideSolutionNode = FALSE
	EndGlobalSection
	GlobalSection(ExtensibilityGlobals) = postSolution
		SolutionGuid = {EF42A22D-F25E-419F-AA4E-55421E40800B}
	EndGlobalSection
EndGlobal
